// !$*UTF8*$!
{
	archiveVersion = 1;
	classes = {
	};
	objectVersion = 56;
	objects = {

/* Begin PBXBuildFile section */
		A52A5BBA29D3A0BF00D5685C /* HOMEWORK1App.swift in Sources */ = {isa = PBXBuildFile; fileRef = A52A5BB929D3A0BF00D5685C /* HOMEWORK1App.swift */; };
		A52A5BBC29D3A0BF00D5685C /* ContentView.swift in Sources */ = {isa = PBXBuildFile; fileRef = A52A5BBB29D3A0BF00D5685C /* ContentView.swift */; };
		A52A5BBE29D3A0C000D5685C /* Assets.xcassets in Resources */ = {isa = PBXBuildFile; fileRef = A52A5BBD29D3A0C000D5685C /* Assets.xcassets */; };
		A52A5BC129D3A0C000D5685C /* Preview Assets.xcassets in Resources */ = {isa = PBXBuildFile; fileRef = A52A5BC029D3A0C000D5685C /* Preview Assets.xcassets */; };
		A52A5BCB29D3A0C000D5685C /* HOMEWORK1Tests.swift in Sources */ = {isa = PBXBuildFile; fileRef = A52A5BCA29D3A0C000D5685C /* HOMEWORK1Tests.swift */; };
		A52A5BD529D3A0C000D5685C /* HOMEWORK1UITests.swift in Sources */ = {isa = PBXBuildFile; fileRef = A52A5BD429D3A0C000D5685C /* HOMEWORK1UITests.swift */; };
		A52A5BD729D3A0C000D5685C /* HOMEWORK1UITestsLaunchTests.swift in Sources */ = {isa = PBXBuildFile; fileRef = A52A5BD629D3A0C000D5685C /* HOMEWORK1UITestsLaunchTests.swift */; };
/* End PBXBuildFile section */

/* Begin PBXContainerItemProxy section */
		A52A5BC729D3A0C000D5685C /* PBXContainerItemProxy */ = {
			isa = PBXContainerItemProxy;
			containerPortal = A52A5BAE29D3A0BF00D5685C /* Project object */;
			proxyType = 1;
			remoteGlobalIDString = A52A5BB529D3A0BF00D5685C;
			remoteInfo = HOMEWORK1;
		};
		A52A5BD129D3A0C000D5685C /* PBXContainerItemProxy */ = {
			isa = PBXContainerItemProxy;
			containerPortal = A52A5BAE29D3A0BF00D5685C /* Project object */;
			proxyType = 1;
			remoteGlobalIDString = A52A5BB529D3A0BF00D5685C;
			remoteInfo = HOMEWORK1;
		};
/* End PBXContainerItemProxy section */

/* Begin PBXFileReference section */
		A52A5BB629D3A0BF00D5685C /* HOMEWORK1.app */ = {isa = PBXFileReference; explicitFileType = wrapper.application; includeInIndex = 0; path = HOMEWORK1.app; sourceTree = BUILT_PRODUCTS_DIR; };
		A52A5BB929D3A0BF00D5685C /* HOMEWORK1App.swift */ = {isa = PBXFileReference; lastKnownFileType = sourcecode.swift; path = HOMEWORK1App.swift; sourceTree = "<group>"; };
		A52A5BBB29D3A0BF00D5685C /* ContentView.swift */ = {isa = PBXFileReference; lastKnownFileType = sourcecode.swift; path = ContentView.swift; sourceTree = "<group>"; };
		A52A5BBD29D3A0C000D5685C /* Assets.xcassets */ = {isa = PBXFileReference; lastKnownFileType = folder.assetcatalog; path = Assets.xcassets; sourceTree = "<group>"; };
		A52A5BC029D3A0C000D5685C /* Preview Assets.xcassets */ = {isa = PBXFileReference; lastKnownFileType = folder.assetcatalog; path = "Preview Assets.xcassets"; sourceTree = "<group>"; };
		A52A5BC629D3A0C000D5685C /* HOMEWORK1Tests.xctest */ = {isa = PBXFileReference; explicitFileType = wrapper.cfbundle; includeInIndex = 0; path = HOMEWORK1Tests.xctest; sourceTree = BUILT_PRODUCTS_DIR; };
		A52A5BCA29D3A0C000D5685C /* HOMEWORK1Tests.swift */ = {isa = PBXFileReference; lastKnownFileType = sourcecode.swift; path = HOMEWORK1Tests.swift; sourceTree = "<group>"; };
		A52A5BD029D3A0C000D5685C /* HOMEWORK1UITests.xctest */ = {isa = PBXFileReference; explicitFileType = wrapper.cfbundle; includeInIndex = 0; path = HOMEWORK1UITests.xctest; sourceTree = BUILT_PRODUCTS_DIR; };
		A52A5BD429D3A0C000D5685C /* HOMEWORK1UITests.swift */ = {isa = PBXFileReference; lastKnownFileType = sourcecode.swift; path = HOMEWORK1UITests.swift; sourceTree = "<group>"; };
		A52A5BD629D3A0C000D5685C /* HOMEWORK1UITestsLaunchTests.swift */ = {isa = PBXFileReference; lastKnownFileType = sourcecode.swift; path = HOMEWORK1UITestsLaunchTests.swift; sourceTree = "<group>"; };
/* End PBXFileReference section */

/* Begin PBXFrameworksBuildPhase section */
		A52A5BB329D3A0BF00D5685C /* Frameworks */ = {
			isa = PBXFrameworksBuildPhase;
			buildActionMask = 2147483647;
			files = (
			);
			runOnlyForDeploymentPostprocessing = 0;
		};
		A52A5BC329D3A0C000D5685C /* Frameworks */ = {
			isa = PBXFrameworksBuildPhase;
			buildActionMask = 2147483647;
			files = (
			);
			runOnlyForDeploymentPostprocessing = 0;
		};
		A52A5BCD29D3A0C000D5685C /* Frameworks */ = {
			isa = PBXFrameworksBuildPhase;
			buildActionMask = 2147483647;
			files = (
			);
			runOnlyForDeploymentPostprocessing = 0;
		};
/* End PBXFrameworksBuildPhase section */

/* Begin PBXGroup section */
		A52A5BAD29D3A0BF00D5685C = {
			isa = PBXGroup;
			children = (
				A52A5BB829D3A0BF00D5685C /* HOMEWORK1 */,
				A52A5BC929D3A0C000D5685C /* HOMEWORK1Tests */,
				A52A5BD329D3A0C000D5685C /* HOMEWORK1UITests */,
				A52A5BB729D3A0BF00D5685C /* Products */,
			);
			sourceTree = "<group>";
		};
		A52A5BB729D3A0BF00D5685C /* Products */ = {
			isa = PBXGroup;
			children = (
				A52A5BB629D3A0BF00D5685C /* HOMEWORK1.app */,
				A52A5BC629D3A0C000D5685C /* HOMEWORK1Tests.xctest */,
				A52A5BD029D3A0C000D5685C /* HOMEWORK1UITests.xctest */,
			);
			name = Products;
			sourceTree = "<group>";
		};
		A52A5BB829D3A0BF00D5685C /* HOMEWORK1 */ = {
			isa = PBXGroup;
			children = (
				A52A5BB929D3A0BF00D5685C /* HOMEWORK1App.swift */,
				A52A5BBB29D3A0BF00D5685C /* ContentView.swift */,
				A52A5BBD29D3A0C000D5685C /* Assets.xcassets */,
				A52A5BBF29D3A0C000D5685C /* Preview Content */,
			);
			path = HOMEWORK1;
			sourceTree = "<group>";
		};
		A52A5BBF29D3A0C000D5685C /* Preview Content */ = {
			isa = PBXGroup;
			children = (
				A52A5BC029D3A0C000D5685C /* Preview Assets.xcassets */,
			);
			path = "Preview Content";
			sourceTree = "<group>";
		};
		A52A5BC929D3A0C000D5685C /* HOMEWORK1Tests */ = {
			isa = PBXGroup;
			children = (
				A52A5BCA29D3A0C000D5685C /* HOMEWORK1Tests.swift */,
			);
			path = HOMEWORK1Tests;
			sourceTree = "<group>";
		};
		A52A5BD329D3A0C000D5685C /* HOMEWORK1UITests */ = {
			isa = PBXGroup;
			children = (
				A52A5BD429D3A0C000D5685C /* HOMEWORK1UITests.swift */,
				A52A5BD629D3A0C000D5685C /* HOMEWORK1UITestsLaunchTests.swift */,
			);
			path = HOMEWORK1UITests;
			sourceTree = "<group>";
		};
/* End PBXGroup section */

/* Begin PBXNativeTarget section */
		A52A5BB529D3A0BF00D5685C /* HOMEWORK1 */ = {
			isa = PBXNativeTarget;
			buildConfigurationList = A52A5BDA29D3A0C000D5685C /* Build configuration list for PBXNativeTarget "HOMEWORK1" */;
			buildPhases = (
				A52A5BB229D3A0BF00D5685C /* Sources */,
				A52A5BB329D3A0BF00D5685C /* Frameworks */,
				A52A5BB429D3A0BF00D5685C /* Resources */,
			);
			buildRules = (
			);
			dependencies = (
			);
			name = HOMEWORK1;
			productName = HOMEWORK1;
			productReference = A52A5BB629D3A0BF00D5685C /* HOMEWORK1.app */;
			productType = "com.apple.product-type.application";
		};
		A52A5BC529D3A0C000D5685C /* HOMEWORK1Tests */ = {
			isa = PBXNativeTarget;
			buildConfigurationList = A52A5BDD29D3A0C000D5685C /* Build configuration list for PBXNativeTarget "HOMEWORK1Tests" */;
			buildPhases = (
				A52A5BC229D3A0C000D5685C /* Sources */,
				A52A5BC329D3A0C000D5685C /* Frameworks */,
				A52A5BC429D3A0C000D5685C /* Resources */,
			);
			buildRules = (
			);
			dependencies = (
				A52A5BC829D3A0C000D5685C /* PBXTargetDependency */,
			);
			name = HOMEWORK1Tests;
			productName = HOMEWORK1Tests;
			productReference = A52A5BC629D3A0C000D5685C /* HOMEWORK1Tests.xctest */;
			productType = "com.apple.product-type.bundle.unit-test";
		};
		A52A5BCF29D3A0C000D5685C /* HOMEWORK1UITests */ = {
			isa = PBXNativeTarget;
			buildConfigurationList = A52A5BE029D3A0C000D5685C /* Build configuration list for PBXNativeTarget "HOMEWORK1UITests" */;
			buildPhases = (
				A52A5BCC29D3A0C000D5685C /* Sources */,
				A52A5BCD29D3A0C000D5685C /* Frameworks */,
				A52A5BCE29D3A0C000D5685C /* Resources */,
			);
			buildRules = (
			);
			dependencies = (
				A52A5BD229D3A0C000D5685C /* PBXTargetDependency */,
			);
			name = HOMEWORK1UITests;
			productName = HOMEWORK1UITests;
			productReference = A52A5BD029D3A0C000D5685C /* HOMEWORK1UITests.xctest */;
			productType = "com.apple.product-type.bundle.ui-testing";
		};
/* End PBXNativeTarget section */

/* Begin PBXProject section */
		A52A5BAE29D3A0BF00D5685C /* Project object */ = {
			isa = PBXProject;
			attributes = {
				BuildIndependentTargetsInParallel = 1;
				LastSwiftUpdateCheck = 1420;
				LastUpgradeCheck = 1420;
				TargetAttributes = {
					A52A5BB529D3A0BF00D5685C = {
						CreatedOnToolsVersion = 14.2;
					};
					A52A5BC529D3A0C000D5685C = {
						CreatedOnToolsVersion = 14.2;
						TestTargetID = A52A5BB529D3A0BF00D5685C;
					};
					A52A5BCF29D3A0C000D5685C = {
						CreatedOnToolsVersion = 14.2;
						TestTargetID = A52A5BB529D3A0BF00D5685C;
					};
				};
			};
			buildConfigurationList = A52A5BB129D3A0BF00D5685C /* Build configuration list for PBXProject "HOMEWORK1" */;
			compatibilityVersion = "Xcode 14.0";
			developmentRegion = en;
			hasScannedForEncodings = 0;
			knownRegions = (
				en,
				Base,
			);
			mainGroup = A52A5BAD29D3A0BF00D5685C;
			productRefGroup = A52A5BB729D3A0BF00D5685C /* Products */;
			projectDirPath = "";
			projectRoot = "";
			targets = (
				A52A5BB529D3A0BF00D5685C /* HOMEWORK1 */,
				A52A5BC529D3A0C000D5685C /* HOMEWORK1Tests */,
				A52A5BCF29D3A0C000D5685C /* HOMEWORK1UITests */,
			);
		};
/* End PBXProject section */

/* Begin PBXResourcesBuildPhase section */
		A52A5BB429D3A0BF00D5685C /* Resources */ = {
			isa = PBXResourcesBuildPhase;
			buildActionMask = 2147483647;
			files = (
				A52A5BC129D3A0C000D5685C /* Preview Assets.xcassets in Resources */,
				A52A5BBE29D3A0C000D5685C /* Assets.xcassets in Resources */,
			);
			runOnlyForDeploymentPostprocessing = 0;
		};
		A52A5BC429D3A0C000D5685C /* Resources */ = {
			isa = PBXResourcesBuildPhase;
			buildActionMask = 2147483647;
			files = (
			);
			runOnlyForDeploymentPostprocessing = 0;
		};
		A52A5BCE29D3A0C000D5685C /* Resources */ = {
			isa = PBXResourcesBuildPhase;
			buildActionMask = 2147483647;
			files = (
			);
			runOnlyForDeploymentPostprocessing = 0;
		};
/* End PBXResourcesBuildPhase section */

/* Begin PBXSourcesBuildPhase section */
		A52A5BB229D3A0BF00D5685C /* Sources */ = {
			isa = PBXSourcesBuildPhase;
			buildActionMask = 2147483647;
			files = (
				A52A5BBC29D3A0BF00D5685C /* ContentView.swift in Sources */,
				A52A5BBA29D3A0BF00D5685C /* HOMEWORK1App.swift in Sources */,
			);
			runOnlyForDeploymentPostprocessing = 0;
		};
		A52A5BC229D3A0C000D5685C /* Sources */ = {
			isa = PBXSourcesBuildPhase;
			buildActionMask = 2147483647;
			files = (
				A52A5BCB29D3A0C000D5685C /* HOMEWORK1Tests.swift in Sources */,
			);
			runOnlyForDeploymentPostprocessing = 0;
		};
		A52A5BCC29D3A0C000D5685C /* Sources */ = {
			isa = PBXSourcesBuildPhase;
			buildActionMask = 2147483647;
			files = (
				A52A5BD729D3A0C000D5685C /* HOMEWORK1UITestsLaunchTests.swift in Sources */,
				A52A5BD529D3A0C000D5685C /* HOMEWORK1UITests.swift in Sources */,
			);
			runOnlyForDeploymentPostprocessing = 0;
		};
/* End PBXSourcesBuildPhase section */

/* Begin PBXTargetDependency section */
		A52A5BC829D3A0C000D5685C /* PBXTargetDependency */ = {
			isa = PBXTargetDependency;
			target = A52A5BB529D3A0BF00D5685C /* HOMEWORK1 */;
			targetProxy = A52A5BC729D3A0C000D5685C /* PBXContainerItemProxy */;
		};
		A52A5BD229D3A0C000D5685C /* PBXTargetDependency */ = {
			isa = PBXTargetDependency;
			target = A52A5BB529D3A0BF00D5685C /* HOMEWORK1 */;
			targetProxy = A52A5BD129D3A0C000D5685C /* PBXContainerItemProxy */;
		};
/* End PBXTargetDependency section */

/* Begin XCBuildConfiguration section */
		A52A5BD829D3A0C000D5685C /* Debug */ = {
			isa = XCBuildConfiguration;
			buildSettings = {
				ALWAYS_SEARCH_USER_PATHS = NO;
				CLANG_ANALYZER_NONNULL = YES;
				CLANG_ANALYZER_NUMBER_OBJECT_CONVERSION = YES_AGGRESSIVE;
				CLANG_CXX_LANGUAGE_STANDARD = "gnu++20";
				CLANG_ENABLE_MODULES = YES;
				CLANG_ENABLE_OBJC_ARC = YES;
				CLANG_ENABLE_OBJC_WEAK = YES;
				CLANG_WARN_BLOCK_CAPTURE_AUTORELEASING = YES;
				CLANG_WARN_BOOL_CONVERSION = YES;
				CLANG_WARN_COMMA = YES;
				CLANG_WARN_CONSTANT_CONVERSION = YES;
				CLANG_WARN_DEPRECATED_OBJC_IMPLEMENTATIONS = YES;
				CLANG_WARN_DIRECT_OBJC_ISA_USAGE = YES_ERROR;
				CLANG_WARN_DOCUMENTATION_COMMENTS = YES;
				CLANG_WARN_EMPTY_BODY = YES;
				CLANG_WARN_ENUM_CONVERSION = YES;
				CLANG_WARN_INFINITE_RECURSION = YES;
				CLANG_WARN_INT_CONVERSION = YES;
				CLANG_WARN_NON_LITERAL_NULL_CONVERSION = YES;
				CLANG_WARN_OBJC_IMPLICIT_RETAIN_SELF = YES;
				CLANG_WARN_OBJC_LITERAL_CONVERSION = YES;
				CLANG_WARN_OBJC_ROOT_CLASS = YES_ERROR;
				CLANG_WARN_QUOTED_INCLUDE_IN_FRAMEWORK_HEADER = YES;
				CLANG_WARN_RANGE_LOOP_ANALYSIS = YES;
				CLANG_WARN_STRICT_PROTOTYPES = YES;
				CLANG_WARN_SUSPICIOUS_MOVE = YES;
				CLANG_WARN_UNGUARDED_AVAILABILITY = YES_AGGRESSIVE;
				CLANG_WARN_UNREACHABLE_CODE = YES;
				CLANG_WARN__DUPLICATE_METHOD_MATCH = YES;
				COPY_PHASE_STRIP = NO;
				DEBUG_INFORMATION_FORMAT = dwarf;
				ENABLE_STRICT_OBJC_MSGSEND = YES;
				ENABLE_TESTABILITY = YES;
				GCC_C_LANGUAGE_STANDARD = gnu11;
				GCC_DYNAMIC_NO_PIC = NO;
				GCC_NO_COMMON_BLOCKS = YES;
				GCC_OPTIMIZATION_LEVEL = 0;
				GCC_PREPROCESSOR_DEFINITIONS = (
					"DEBUG=1",
					"$(inherited)",
				);
				GCC_WARN_64_TO_32_BIT_CONVERSION = YES;
				GCC_WARN_ABOUT_RETURN_TYPE = YES_ERROR;
				GCC_WARN_UNDECLARED_SELECTOR = YES;
				GCC_WARN_UNINITIALIZED_AUTOS = YES_AGGRESSIVE;
				GCC_WARN_UNUSED_FUNCTION = YES;
				GCC_WARN_UNUSED_VARIABLE = YES;
				IPHONEOS_DEPLOYMENT_TARGET = 16.2;
				MTL_ENABLE_DEBUG_INFO = INCLUDE_SOURCE;
				MTL_FAST_MATH = YES;
				ONLY_ACTIVE_ARCH = YES;
				SDKROOT = iphoneos;
				SWIFT_ACTIVE_COMPILATION_CONDITIONS = DEBUG;
				SWIFT_OPTIMIZATION_LEVEL = "-Onone";
			};
			name = Debug;
		};
		A52A5BD929D3A0C000D5685C /* Release */ = {
			isa = XCBuildConfiguration;
			buildSettings = {
				ALWAYS_SEARCH_USER_PATHS = NO;
				CLANG_ANALYZER_NONNULL = YES;
				CLANG_ANALYZER_NUMBER_OBJECT_CONVERSION = YES_AGGRESSIVE;
				CLANG_CXX_LANGUAGE_STANDARD = "gnu++20";
				CLANG_ENABLE_MODULES = YES;
				CLANG_ENABLE_OBJC_ARC = YES;
				CLANG_ENABLE_OBJC_WEAK = YES;
				CLANG_WARN_BLOCK_CAPTURE_AUTORELEASING = YES;
				CLANG_WARN_BOOL_CONVERSION = YES;
				CLANG_WARN_COMMA = YES;
				CLANG_WARN_CONSTANT_CONVERSION = YES;
				CLANG_WARN_DEPRECATED_OBJC_IMPLEMENTATIONS = YES;
				CLANG_WARN_DIRECT_OBJC_ISA_USAGE = YES_ERROR;
				CLANG_WARN_DOCUMENTATION_COMMENTS = YES;
				CLANG_WARN_EMPTY_BODY = YES;
				CLANG_WARN_ENUM_CONVERSION = YES;
				CLANG_WARN_INFINITE_RECURSION = YES;
				CLANG_WARN_INT_CONVERSION = YES;
				CLANG_WARN_NON_LITERAL_NULL_CONVERSION = YES;
				CLANG_WARN_OBJC_IMPLICIT_RETAIN_SELF = YES;
				CLANG_WARN_OBJC_LITERAL_CONVERSION = YES;
				CLANG_WARN_OBJC_ROOT_CLASS = YES_ERROR;
				CLANG_WARN_QUOTED_INCLUDE_IN_FRAMEWORK_HEADER = YES;
				CLANG_WARN_RANGE_LOOP_ANALYSIS = YES;
				CLANG_WARN_STRICT_PROTOTYPES = YES;
				CLANG_WARN_SUSPICIOUS_MOVE = YES;
				CLANG_WARN_UNGUARDED_AVAILABILITY = YES_AGGRESSIVE;
				CLANG_WARN_UNREACHABLE_CODE = YES;
				CLANG_WARN__DUPLICATE_METHOD_MATCH = YES;
				COPY_PHASE_STRIP = NO;
				DEBUG_INFORMATION_FORMAT = "dwarf-with-dsym";
				ENABLE_NS_ASSERTIONS = NO;
				ENABLE_STRICT_OBJC_MSGSEND = YES;
				GCC_C_LANGUAGE_STANDARD = gnu11;
				GCC_NO_COMMON_BLOCKS = YES;
				GCC_WARN_64_TO_32_BIT_CONVERSION = YES;
				GCC_WARN_ABOUT_RETURN_TYPE = YES_ERROR;
				GCC_WARN_UNDECLARED_SELECTOR = YES;
				GCC_WARN_UNINITIALIZED_AUTOS = YES_AGGRESSIVE;
				GCC_WARN_UNUSED_FUNCTION = YES;
				GCC_WARN_UNUSED_VARIABLE = YES;
				IPHONEOS_DEPLOYMENT_TARGET = 16.2;
				MTL_ENABLE_DEBUG_INFO = NO;
				MTL_FAST_MATH = YES;
				SDKROOT = iphoneos;
				SWIFT_COMPILATION_MODE = wholemodule;
				SWIFT_OPTIMIZATION_LEVEL = "-O";
				VALIDATE_PRODUCT = YES;
			};
			name = Release;
		};
		A52A5BDB29D3A0C000D5685C /* Debug */ = {
			isa = XCBuildConfiguration;
			buildSettings = {
				ASSETCATALOG_COMPILER_APPICON_NAME = AppIcon;
				ASSETCATALOG_COMPILER_GLOBAL_ACCENT_COLOR_NAME = AccentColor;
				CODE_SIGN_STYLE = Automatic;
				CURRENT_PROJECT_VERSION = 1;
				DEVELOPMENT_ASSET_PATHS = "\"HOMEWORK1/Preview Content\"";
				DEVELOPMENT_TEAM = 2U5PFCQ66M;
				ENABLE_PREVIEWS = YES;
				GENERATE_INFOPLIST_FILE = YES;
				INFOPLIST_KEY_UIApplicationSceneManifest_Generation = YES;
				INFOPLIST_KEY_UIApplicationSupportsIndirectInputEvents = YES;
				INFOPLIST_KEY_UILaunchScreen_Generation = YES;
				INFOPLIST_KEY_UISupportedInterfaceOrientations_iPad = "UIInterfaceOrientationPortrait UIInterfaceOrientationPortraitUpsideDown UIInterfaceOrientationLandscapeLeft UIInterfaceOrientationLandscapeRight";
				INFOPLIST_KEY_UISupportedInterfaceOrientations_iPhone = "UIInterfaceOrientationPortrait UIInterfaceOrientationLandscapeLeft UIInterfaceOrientationLandscapeRight";
				LD_RUNPATH_SEARCH_PATHS = (
					"$(inherited)",
					"@executable_path/Frameworks",
				);
				MARKETING_VERSION = 1.0;
				PRODUCT_BUNDLE_IDENTIFIER = com.AydenKing.HOMEWORK1;
				PRODUCT_NAME = "$(TARGET_NAME)";
				SWIFT_EMIT_LOC_STRINGS = YES;
				SWIFT_VERSION = 5.0;
				TARGETED_DEVICE_FAMILY = "1,2";
			};
			name = Debug;
		};
		A52A5BDC29D3A0C000D5685C /* Release */ = {
			isa = XCBuildConfiguration;
			buildSettings = {
				ASSETCATALOG_COMPILER_APPICON_NAME = AppIcon;
				ASSETCATALOG_COMPILER_GLOBAL_ACCENT_COLOR_NAME = AccentColor;
				CODE_SIGN_STYLE = Automatic;
				CURRENT_PROJECT_VERSION = 1;
				DEVELOPMENT_ASSET_PATHS = "\"HOMEWORK1/Preview Content\"";
				DEVELOPMENT_TEAM = 2U5PFCQ66M;
				ENABLE_PREVIEWS = YES;
				GENERATE_INFOPLIST_FILE = YES;
				INFOPLIST_KEY_UIApplicationSceneManifest_Generation = YES;
				INFOPLIST_KEY_UIApplicationSupportsIndirectInputEvents = YES;
				INFOPLIST_KEY_UILaunchScreen_Generation = YES;
				INFOPLIST_KEY_UISupportedInterfaceOrientations_iPad = "UIInterfaceOrientationPortrait UIInterfaceOrientationPortraitUpsideDown UIInterfaceOrientationLandscapeLeft UIInterfaceOrientationLandscapeRight";
				INFOPLIST_KEY_UISupportedInterfaceOrientations_iPhone = "UIInterfaceOrientationPortrait UIInterfaceOrientationLandscapeLeft UIInterfaceOrientationLandscapeRight";
				LD_RUNPATH_SEARCH_PATHS = (
					"$(inherited)",
					"@executable_path/Frameworks",
				);
				MARKETING_VERSION = 1.0;
				PRODUCT_BUNDLE_IDENTIFIER = com.AydenKing.HOMEWORK1;
				PRODUCT_NAME = "$(TARGET_NAME)";
				SWIFT_EMIT_LOC_STRINGS = YES;
				SWIFT_VERSION = 5.0;
				TARGETED_DEVICE_FAMILY = "1,2";
			};
			name = Release;
		};
		A52A5BDE29D3A0C000D5685C /* Debug */ = {
			isa = XCBuildConfiguration;
			buildSettings = {
				ALWAYS_EMBED_SWIFT_STANDARD_LIBRARIES = YES;
				BUNDLE_LOADER = "$(TEST_HOST)";
				CODE_SIGN_STYLE = Automatic;
				CURRENT_PROJECT_VERSION = 1;
				DEVELOPMENT_TEAM = 2U5PFCQ66M;
				GENERATE_INFOPLIST_FILE = YES;
				IPHONEOS_DEPLOYMENT_TARGET = 16.2;
				MARKETING_VERSION = 1.0;
				PRODUCT_BUNDLE_IDENTIFIER = com.AydenKing.HOMEWORK1Tests;
				PRODUCT_NAME = "$(TARGET_NAME)";
				SWIFT_EMIT_LOC_STRINGS = NO;
				SWIFT_VERSION = 5.0;
				TARGETED_DEVICE_FAMILY = "1,2";
				TEST_HOST = "$(BUILT_PRODUCTS_DIR)/HOMEWORK1.app/$(BUNDLE_EXECUTABLE_FOLDER_PATH)/HOMEWORK1";
			};
			name = Debug;
		};
		A52A5BDF29D3A0C000D5685C /* Release */ = {
			isa = XCBuildConfiguration;
			buildSettings = {
				ALWAYS_EMBED_SWIFT_STANDARD_LIBRARIES = YES;
				BUNDLE_LOADER = "$(TEST_HOST)";
				CODE_SIGN_STYLE = Automatic;
				CURRENT_PROJECT_VERSION = 1;
				DEVELOPMENT_TEAM = 2U5PFCQ66M;
				GENERATE_INFOPLIST_FILE = YES;
				IPHONEOS_DEPLOYMENT_TARGET = 16.2;
				MARKETING_VERSION = 1.0;
				PRODUCT_BUNDLE_IDENTIFIER = com.AydenKing.HOMEWORK1Tests;
				PRODUCT_NAME = "$(TARGET_NAME)";
				SWIFT_EMIT_LOC_STRINGS = NO;
				SWIFT_VERSION = 5.0;
				TARGETED_DEVICE_FAMILY = "1,2";
				TEST_HOST = "$(BUILT_PRODUCTS_DIR)/HOMEWORK1.app/$(BUNDLE_EXECUTABLE_FOLDER_PATH)/HOMEWORK1";
			};
			name = Release;
		};
		A52A5BE129D3A0C000D5685C /* Debug */ = {
			isa = XCBuildConfiguration;
			buildSettings = {
				ALWAYS_EMBED_SWIFT_STANDARD_LIBRARIES = YES;
				CODE_SIGN_STYLE = Automatic;
				CURRENT_PROJECT_VERSION = 1;
				DEVELOPMENT_TEAM = 2U5PFCQ66M;
				GENERATE_INFOPLIST_FILE = YES;
				MARKETING_VERSION = 1.0;
				PRODUCT_BUNDLE_IDENTIFIER = com.AydenKing.HOMEWORK1UITests;
				PRODUCT_NAME = "$(TARGET_NAME)";
				SWIFT_EMIT_LOC_STRINGS = NO;
				SWIFT_VERSION = 5.0;
				TARGETED_DEVICE_FAMILY = "1,2";
				TEST_TARGET_NAME = HOMEWORK1;
			};
			name = Debug;
		};
		A52A5BE229D3A0C000D5685C /* Release */ = {
			isa = XCBuildConfiguration;
			buildSettings = {
				ALWAYS_EMBED_SWIFT_STANDARD_LIBRARIES = YES;
				CODE_SIGN_STYLE = Automatic;
				CURRENT_PROJECT_VERSION = 1;
				DEVELOPMENT_TEAM = 2U5PFCQ66M;
				GENERATE_INFOPLIST_FILE = YES;
				MARKETING_VERSION = 1.0;
				PRODUCT_BUNDLE_IDENTIFIER = com.AydenKing.HOMEWORK1UITests;
				PRODUCT_NAME = "$(TARGET_NAME)";
				SWIFT_EMIT_LOC_STRINGS = NO;
				SWIFT_VERSION = 5.0;
				TARGETED_DEVICE_FAMILY = "1,2";
				TEST_TARGET_NAME = HOMEWORK1;
			};
			name = Release;
		};
/* End XCBuildConfiguration section */

/* Begin XCConfigurationList section */
		A52A5BB129D3A0BF00D5685C /* Build configuration list for PBXProject "HOMEWORK1" */ = {
			isa = XCConfigurationList;
			buildConfigurations = (
				A52A5BD829D3A0C000D5685C /* Debug */,
				A52A5BD929D3A0C000D5685C /* Release */,
			);
			defaultConfigurationIsVisible = 0;
			defaultConfigurationName = Release;
		};
		A52A5BDA29D3A0C000D5685C /* Build configuration list for PBXNativeTarget "HOMEWORK1" */ = {
			isa = XCConfigurationList;
			buildConfigurations = (
				A52A5BDB29D3A0C000D5685C /* Debug */,
				A52A5BDC29D3A0C000D5685C /* Release */,
			);
			defaultConfigurationIsVisible = 0;
			defaultConfigurationName = Release;
		};
		A52A5BDD29D3A0C000D5685C /* Build configuration list for PBXNativeTarget "HOMEWORK1Tests" */ = {
			isa = XCConfigurationList;
			buildConfigurations = (
				A52A5BDE29D3A0C000D5685C /* Debug */,
				A52A5BDF29D3A0C000D5685C /* Release */,
			);
			defaultConfigurationIsVisible = 0;
			defaultConfigurationName = Release;
		};
		A52A5BE029D3A0C000D5685C /* Build configuration list for PBXNativeTarget "HOMEWORK1UITests" */ = {
			isa = XCConfigurationList;
			buildConfigurations = (
				A52A5BE129D3A0C000D5685C /* Debug */,
				A52A5BE229D3A0C000D5685C /* Release */,
			);
			defaultConfigurationIsVisible = 0;
			defaultConfigurationName = Release;
		};
/* End XCConfigurationList section */
	};
	rootObject = A52A5BAE29D3A0BF00D5685C /* Project object */;
}
